
Microsoft Visual Studio Solution File, Format Version 12.00
# Visual Studio Version 17
VisualStudioVersion = 17.6.33815.320
MinimumVisualStudioVersion = 10.0.40219.1
Project("{9A19103F-16F7-4668-BE54-9A1E7A4F7556}") = "PropertyService", "PropertyService\PropertyService.csproj", "{6317A288-5689-49B7-AF49-C4960B6B0BEB}"
EndProject
Project("{9A19103F-16F7-4668-BE54-9A1E7A4F7556}") = "InquiryService", "InquiryService\InquiryService.csproj", "{D84B560F-C658-4E7A-AB10-42CE227BD252}"
EndProject
Project("{9A19103F-16F7-4668-BE54-9A1E7A4F7556}") = "WebSite", "WebSite\WebSite.csproj", "{548873B3-DAC9-4E99-98A3-29BD1AB0673D}"
EndProject
Global
	GlobalSection(SolutionConfigurationPlatforms) = preSolution
		Debug|Any CPU = Debug|Any CPU
		Release|Any CPU = Release|Any CPU
	EndGlobalSection
	GlobalSection(ProjectConfigurationPlatforms) = postSolution
		{6317A288-5689-49B7-AF49-C4960B6B0BEB}.Debug|Any CPU.ActiveCfg = Debug|Any CPU
		{6317A288-5689-49B7-AF49-C4960B6B0BEB}.Debug|Any CPU.Build.0 = Debug|Any CPU
		{6317A288-5689-49B7-AF49-C4960B6B0BEB}.Release|Any CPU.ActiveCfg = Release|Any CPU
		{6317A288-5689-49B7-AF49-C4960B6B0BEB}.Release|Any CPU.Build.0 = Release|Any CPU
		{D84B560F-C658-4E7A-AB10-42CE227BD252}.Debug|Any CPU.ActiveCfg = Debug|Any CPU
		{D84B560F-C658-4E7A-AB10-42CE227BD252}.Debug|Any CPU.Build.0 = Debug|Any CPU
		{D84B560F-C658-4E7A-AB10-42CE227BD252}.Release|Any CPU.ActiveCfg = Release|Any CPU
		{D84B560F-C658-4E7A-AB10-42CE227BD252}.Release|Any CPU.Build.0 = Release|Any CPU
		{548873B3-DAC9-4E99-98A3-29BD1AB0673D}.Debug|Any CPU.ActiveCfg = Debug|Any CPU
		{548873B3-DAC9-4E99-98A3-29BD1AB0673D}.Debug|Any CPU.Build.0 = Debug|Any CPU
		{548873B3-DAC9-4E99-98A3-29BD1AB0673D}.Release|Any CPU.ActiveCfg = Release|Any CPU
		{548873B3-DAC9-4E99-98A3-29BD1AB0673D}.Release|Any CPU.Build.0 = Release|Any CPU
	EndGlobalSection
	GlobalSection(SolutionProperties) = preSolution
		HideSolutionNode = FALSE
	EndGlobalSection
	GlobalSection(ExtensibilityGlobals) = postSolution
		SolutionGuid = {9F718DF1-E8B2-4D83-8800-D5919783AF34}
	EndGlobalSection
EndGlobal
